// !$*UTF8*$!
{
	archiveVersion = 1;
	classes = {
	};
	objectVersion = 56;
	objects = {

/* Begin PBXBuildFile section */
		8829C7BD2A12F883009DE392 /* oilWidgetPreferencePane.xib in Resources */ = {isa = PBXBuildFile; fileRef = 8829C7BC2A12F883009DE392 /* oilWidgetPreferencePane.xib */; };
		883EBC1B2A11F80000235B35 /* oilWidget.swift in Sources */ = {isa = PBXBuildFile; fileRef = 883EBC1A2A11F80000235B35 /* oilWidget.swift */; };
		883EBC242A11F81300235B35 /* PockKit in Frameworks */ = {isa = PBXBuildFile; productRef = 883EBC232A11F81300235B35 /* PockKit */; };
		883EBC272A11F86400235B35 /* SystemKit in Frameworks */ = {isa = PBXBuildFile; productRef = 883EBC262A11F86400235B35 /* SystemKit */; };
		883EBC2D2A11FBBE00235B35 /* AppKit.framework in Frameworks */ = {isa = PBXBuildFile; fileRef = 883EBC2C2A11FBBE00235B35 /* AppKit.framework */; };
		883EBC2F2A11FC1200235B35 /* Foundation.framework in Frameworks */ = {isa = PBXBuildFile; fileRef = 883EBC2E2A11FC1200235B35 /* Foundation.framework */; };
		883EBC312A11FD1900235B35 /* oilItem.swift in Sources */ = {isa = PBXBuildFile; fileRef = 883EBC302A11FD1900235B35 /* oilItem.swift */; };
		88860EB02A123AC8002822E1 /* SpriteKit.framework in Frameworks */ = {isa = PBXBuildFile; fileRef = 88860EAF2A123AC8002822E1 /* SpriteKit.framework */; };
		88860EB42A12672A002822E1 /* SwiftUI.framework in Frameworks */ = {isa = PBXBuildFile; fileRef = 88860EB32A12672A002822E1 /* SwiftUI.framework */; };
		88860EB72A126909002822E1 /* AppKit.framework in Frameworks */ = {isa = PBXBuildFile; fileRef = 883EBC2C2A11FBBE00235B35 /* AppKit.framework */; };
		88860EB92A127F9E002822E1 /* BarGraph.swift in Sources */ = {isa = PBXBuildFile; fileRef = 88860EB82A127F9E002822E1 /* BarGraph.swift */; };
		88860EBB2A12ADA5002822E1 /* Graph.swift in Sources */ = {isa = PBXBuildFile; fileRef = 88860EBA2A12ADA5002822E1 /* Graph.swift */; };
		88860EBE2A12B087002822E1 /* Preferences.swift in Sources */ = {isa = PBXBuildFile; fileRef = 88860EBD2A12B087002822E1 /* Preferences.swift */; };
		88860EC02A12B1F5002822E1 /* oilWidgetPreferencePane.swift in Sources */ = {isa = PBXBuildFile; fileRef = 88860EBF2A12B1F5002822E1 /* oilWidgetPreferencePane.swift */; };
		88860EC92A12D792002822E1 /* Defaults in Frameworks */ = {isa = PBXBuildFile; productRef = 88860EC82A12D792002822E1 /* Defaults */; };
		88EB38F32A145227004D60EE /* Options.swift in Sources */ = {isa = PBXBuildFile; fileRef = 88EB38F22A145227004D60EE /* Options.swift */; };
		88EB38F72A14C89A004D60EE /* GPU.swift in Sources */ = {isa = PBXBuildFile; fileRef = 88EB38F62A14C89A004D60EE /* GPU.swift */; };
		88EB38F92A14D89E004D60EE /* CoreFoundation.framework in Frameworks */ = {isa = PBXBuildFile; fileRef = 88EB38F82A14D89E004D60EE /* CoreFoundation.framework */; };
		88EB39012A162BCA004D60EE /* IOHelper.swift in Sources */ = {isa = PBXBuildFile; fileRef = 88EB39002A162BCA004D60EE /* IOHelper.swift */; };
		88EB39032A16D7E6004D60EE /* SMCKit.swift in Sources */ = {isa = PBXBuildFile; fileRef = 88EB39022A16D7E6004D60EE /* SMCKit.swift */; };
		88EB39052A16DD46004D60EE /* Temperature.swift in Sources */ = {isa = PBXBuildFile; fileRef = 88EB39042A16DD46004D60EE /* Temperature.swift */; };
		88EB39072A16DDB8004D60EE /* SMCControl.swift in Sources */ = {isa = PBXBuildFile; fileRef = 88EB39062A16DDB8004D60EE /* SMCControl.swift */; };
		88EB390A2A16DE35004D60EE /* SwiftyJSON in Frameworks */ = {isa = PBXBuildFile; productRef = 88EB39092A16DE35004D60EE /* SwiftyJSON */; };
		88EB390C2A16DF66004D60EE /* Refreshable.swift in Sources */ = {isa = PBXBuildFile; fileRef = 88EB390B2A16DF66004D60EE /* Refreshable.swift */; };
		88EB390F2A16DFF7004D60EE /* TemperatureData.swift in Sources */ = {isa = PBXBuildFile; fileRef = 88EB390E2A16DFF7004D60EE /* TemperatureData.swift */; };
		88EB39112A16E0AA004D60EE /* FanData.swift in Sources */ = {isa = PBXBuildFile; fileRef = 88EB39102A16E0AA004D60EE /* FanData.swift */; };
		88EB39132A16E1D1004D60EE /* JSONCodable.swift in Sources */ = {isa = PBXBuildFile; fileRef = 88EB39122A16E1D1004D60EE /* JSONCodable.swift */; };
		88EB39162A16E328004D60EE /* NSNotification.swift in Sources */ = {isa = PBXBuildFile; fileRef = 88EB39152A16E328004D60EE /* NSNotification.swift */; };
		88EB391C2A1723F1004D60EE /* GraphItem.swift in Sources */ = {isa = PBXBuildFile; fileRef = 88EB391B2A1723F1004D60EE /* GraphItem.swift */; };
		88EB391E2A172430004D60EE /* Manager.swift in Sources */ = {isa = PBXBuildFile; fileRef = 88EB391D2A172430004D60EE /* Manager.swift */; };
		88EB39212A172AA5004D60EE /* CPU.swift in Sources */ = {isa = PBXBuildFile; fileRef = 88EB39202A172AA5004D60EE /* CPU.swift */; };
		88EB39232A17F471004D60EE /* Fan.swift in Sources */ = {isa = PBXBuildFile; fileRef = 88EB39222A17F471004D60EE /* Fan.swift */; };
		88EB39252A17F5D4004D60EE /* TextItem.swift in Sources */ = {isa = PBXBuildFile; fileRef = 88EB39242A17F5D4004D60EE /* TextItem.swift */; };
		88EB39282A1827F1004D60EE /* System.swift in Sources */ = {isa = PBXBuildFile; fileRef = 88EB39272A1827F1004D60EE /* System.swift */; };
		88EB392A2A182902004D60EE /* Memory.swift in Sources */ = {isa = PBXBuildFile; fileRef = 88EB39292A182902004D60EE /* Memory.swift */; };
		88EB392C2A182DBD004D60EE /* Double.swift in Sources */ = {isa = PBXBuildFile; fileRef = 88EB392B2A182DBD004D60EE /* Double.swift */; };
		88EB392E2A1831A6004D60EE /* Disk.swift in Sources */ = {isa = PBXBuildFile; fileRef = 88EB392D2A1831A6004D60EE /* Disk.swift */; };
/* End PBXBuildFile section */

/* Begin PBXFileReference section */
		8829C7BC2A12F883009DE392 /* oilWidgetPreferencePane.xib */ = {isa = PBXFileReference; lastKnownFileType = file.xib; name = oilWidgetPreferencePane.xib; path = /Users/iMac/Desktop/Dev/Swift_Dev/oil/oil/Sources/Preferences/oilWidgetPreferencePane.xib; sourceTree = "<absolute>"; };
		883EBC162A11F80000235B35 /* oil.pock */ = {isa = PBXFileReference; explicitFileType = wrapper.cfbundle; includeInIndex = 0; path = oil.pock; sourceTree = BUILT_PRODUCTS_DIR; };
		883EBC1A2A11F80000235B35 /* oilWidget.swift */ = {isa = PBXFileReference; lastKnownFileType = sourcecode.swift; path = oilWidget.swift; sourceTree = "<group>"; };
		883EBC1C2A11F80000235B35 /* Info.plist */ = {isa = PBXFileReference; lastKnownFileType = text.plist.xml; path = Info.plist; sourceTree = "<group>"; };
		883EBC2C2A11FBBE00235B35 /* AppKit.framework */ = {isa = PBXFileReference; lastKnownFileType = wrapper.framework; name = AppKit.framework; path = System/Library/Frameworks/AppKit.framework; sourceTree = SDKROOT; };
		883EBC2E2A11FC1200235B35 /* Foundation.framework */ = {isa = PBXFileReference; lastKnownFileType = wrapper.framework; name = Foundation.framework; path = System/Library/Frameworks/Foundation.framework; sourceTree = SDKROOT; };
		883EBC302A11FD1900235B35 /* oilItem.swift */ = {isa = PBXFileReference; lastKnownFileType = sourcecode.swift; path = oilItem.swift; sourceTree = "<group>"; };
		88860EAF2A123AC8002822E1 /* SpriteKit.framework */ = {isa = PBXFileReference; lastKnownFileType = wrapper.framework; name = SpriteKit.framework; path = System/Library/Frameworks/SpriteKit.framework; sourceTree = SDKROOT; };
		88860EB32A12672A002822E1 /* SwiftUI.framework */ = {isa = PBXFileReference; lastKnownFileType = wrapper.framework; name = SwiftUI.framework; path = System/Library/Frameworks/SwiftUI.framework; sourceTree = SDKROOT; };
		88860EB82A127F9E002822E1 /* BarGraph.swift */ = {isa = PBXFileReference; lastKnownFileType = sourcecode.swift; path = BarGraph.swift; sourceTree = "<group>"; };
		88860EBA2A12ADA5002822E1 /* Graph.swift */ = {isa = PBXFileReference; lastKnownFileType = sourcecode.swift; path = Graph.swift; sourceTree = "<group>"; };
		88860EBD2A12B087002822E1 /* Preferences.swift */ = {isa = PBXFileReference; lastKnownFileType = sourcecode.swift; path = Preferences.swift; sourceTree = "<group>"; };
		88860EBF2A12B1F5002822E1 /* oilWidgetPreferencePane.swift */ = {isa = PBXFileReference; lastKnownFileType = sourcecode.swift; path = oilWidgetPreferencePane.swift; sourceTree = "<group>"; };
		88EB38F22A145227004D60EE /* Options.swift */ = {isa = PBXFileReference; lastKnownFileType = sourcecode.swift; path = Options.swift; sourceTree = "<group>"; };
		88EB38F62A14C89A004D60EE /* GPU.swift */ = {isa = PBXFileReference; lastKnownFileType = sourcecode.swift; path = GPU.swift; sourceTree = "<group>"; };
		88EB38F82A14D89E004D60EE /* CoreFoundation.framework */ = {isa = PBXFileReference; lastKnownFileType = wrapper.framework; name = CoreFoundation.framework; path = System/Library/Frameworks/CoreFoundation.framework; sourceTree = SDKROOT; };
		88EB39002A162BCA004D60EE /* IOHelper.swift */ = {isa = PBXFileReference; lastKnownFileType = sourcecode.swift; path = IOHelper.swift; sourceTree = "<group>"; };
		88EB39022A16D7E6004D60EE /* SMCKit.swift */ = {isa = PBXFileReference; lastKnownFileType = sourcecode.swift; path = SMCKit.swift; sourceTree = "<group>"; };
		88EB39042A16DD46004D60EE /* Temperature.swift */ = {isa = PBXFileReference; lastKnownFileType = sourcecode.swift; path = Temperature.swift; sourceTree = "<group>"; };
		88EB39062A16DDB8004D60EE /* SMCControl.swift */ = {isa = PBXFileReference; lastKnownFileType = sourcecode.swift; path = SMCControl.swift; sourceTree = "<group>"; };
		88EB390B2A16DF66004D60EE /* Refreshable.swift */ = {isa = PBXFileReference; lastKnownFileType = sourcecode.swift; path = Refreshable.swift; sourceTree = "<group>"; };
		88EB390E2A16DFF7004D60EE /* TemperatureData.swift */ = {isa = PBXFileReference; lastKnownFileType = sourcecode.swift; path = TemperatureData.swift; sourceTree = "<group>"; };
		88EB39102A16E0AA004D60EE /* FanData.swift */ = {isa = PBXFileReference; lastKnownFileType = sourcecode.swift; path = FanData.swift; sourceTree = "<group>"; };
		88EB39122A16E1D1004D60EE /* JSONCodable.swift */ = {isa = PBXFileReference; lastKnownFileType = sourcecode.swift; path = JSONCodable.swift; sourceTree = "<group>"; };
		88EB39152A16E328004D60EE /* NSNotification.swift */ = {isa = PBXFileReference; lastKnownFileType = sourcecode.swift; path = NSNotification.swift; sourceTree = "<group>"; };
		88EB391B2A1723F1004D60EE /* GraphItem.swift */ = {isa = PBXFileReference; lastKnownFileType = sourcecode.swift; path = GraphItem.swift; sourceTree = "<group>"; };
		88EB391D2A172430004D60EE /* Manager.swift */ = {isa = PBXFileReference; lastKnownFileType = sourcecode.swift; path = Manager.swift; sourceTree = "<group>"; };
		88EB39202A172AA5004D60EE /* CPU.swift */ = {isa = PBXFileReference; lastKnownFileType = sourcecode.swift; path = CPU.swift; sourceTree = "<group>"; };
		88EB39222A17F471004D60EE /* Fan.swift */ = {isa = PBXFileReference; lastKnownFileType = sourcecode.swift; path = Fan.swift; sourceTree = "<group>"; };
		88EB39242A17F5D4004D60EE /* TextItem.swift */ = {isa = PBXFileReference; lastKnownFileType = sourcecode.swift; path = TextItem.swift; sourceTree = "<group>"; };
		88EB39272A1827F1004D60EE /* System.swift */ = {isa = PBXFileReference; lastKnownFileType = sourcecode.swift; path = System.swift; sourceTree = "<group>"; };
		88EB39292A182902004D60EE /* Memory.swift */ = {isa = PBXFileReference; lastKnownFileType = sourcecode.swift; path = Memory.swift; sourceTree = "<group>"; };
		88EB392B2A182DBD004D60EE /* Double.swift */ = {isa = PBXFileReference; lastKnownFileType = sourcecode.swift; path = Double.swift; sourceTree = "<group>"; };
		88EB392D2A1831A6004D60EE /* Disk.swift */ = {isa = PBXFileReference; lastKnownFileType = sourcecode.swift; path = Disk.swift; sourceTree = "<group>"; };
/* End PBXFileReference section */

/* Begin PBXFrameworksBuildPhase section */
		883EBC122A11F80000235B35 /* Frameworks */ = {
			isa = PBXFrameworksBuildPhase;
			buildActionMask = 2147483647;
			files = (
				88860EC92A12D792002822E1 /* Defaults in Frameworks */,
				88860EB72A126909002822E1 /* AppKit.framework in Frameworks */,
				88EB38F92A14D89E004D60EE /* CoreFoundation.framework in Frameworks */,
				883EBC2D2A11FBBE00235B35 /* AppKit.framework in Frameworks */,
				88860EB02A123AC8002822E1 /* SpriteKit.framework in Frameworks */,
				883EBC272A11F86400235B35 /* SystemKit in Frameworks */,
				883EBC242A11F81300235B35 /* PockKit in Frameworks */,
				88860EB42A12672A002822E1 /* SwiftUI.framework in Frameworks */,
				88EB390A2A16DE35004D60EE /* SwiftyJSON in Frameworks */,
				883EBC2F2A11FC1200235B35 /* Foundation.framework in Frameworks */,
			);
			runOnlyForDeploymentPostprocessing = 0;
		};
/* End PBXFrameworksBuildPhase section */

/* Begin PBXGroup section */
		883EBC0C2A11F80000235B35 = {
			isa = PBXGroup;
			children = (
				883EBC182A11F80000235B35 /* oil */,
				883EBC172A11F80000235B35 /* Products */,
				883EBC2B2A11FBBE00235B35 /* Frameworks */,
			);
			sourceTree = "<group>";
		};
		883EBC172A11F80000235B35 /* Products */ = {
			isa = PBXGroup;
			children = (
				883EBC162A11F80000235B35 /* oil.pock */,
			);
			name = Products;
			sourceTree = "<group>";
		};
		883EBC182A11F80000235B35 /* oil */ = {
			isa = PBXGroup;
			children = (
				883EBC1C2A11F80000235B35 /* Info.plist */,
				883EBC192A11F80000235B35 /* Sources */,
			);
			path = oil;
			sourceTree = "<group>";
		};
		883EBC192A11F80000235B35 /* Sources */ = {
			isa = PBXGroup;
			children = (
				883EBC1A2A11F80000235B35 /* oilWidget.swift */,
				883EBC302A11FD1900235B35 /* oilItem.swift */,
				88860EBC2A12AF5D002822E1 /* Preferences */,
				883EBC282A11F92E00235B35 /* Sections */,
			);
			path = Sources;
			sourceTree = "<group>";
		};
		883EBC282A11F92E00235B35 /* Sections */ = {
			isa = PBXGroup;
			children = (
				88EB39262A17F5E8004D60EE /* IItemTypes */,
				88EB391F2A172826004D60EE /* Manager */,
				88EB39142A16E314004D60EE /* Extension */,
				88BD7A6A2A136221006F7DF6 /* Graphs */,
				88EB390D2A16DFD8004D60EE /* Schema */,
				883EBC322A12155800235B35 /* Utilities */,
			);
			path = Sections;
			sourceTree = "<group>";
		};
		883EBC2B2A11FBBE00235B35 /* Frameworks */ = {
			isa = PBXGroup;
			children = (
				88EB38F82A14D89E004D60EE /* CoreFoundation.framework */,
				88860EB32A12672A002822E1 /* SwiftUI.framework */,
				88860EAF2A123AC8002822E1 /* SpriteKit.framework */,
				883EBC2E2A11FC1200235B35 /* Foundation.framework */,
				883EBC2C2A11FBBE00235B35 /* AppKit.framework */,
			);
			name = Frameworks;
			sourceTree = "<group>";
		};
		883EBC322A12155800235B35 /* Utilities */ = {
			isa = PBXGroup;
			children = (
				88EB39042A16DD46004D60EE /* Temperature.swift */,
				88EB39022A16D7E6004D60EE /* SMCKit.swift */,
				88EB39062A16DDB8004D60EE /* SMCControl.swift */,
				88EB39002A162BCA004D60EE /* IOHelper.swift */,
				88EB38F22A145227004D60EE /* Options.swift */,
				88EB39272A1827F1004D60EE /* System.swift */,
			);
			path = Utilities;
			sourceTree = "<group>";
		};
		88860EBC2A12AF5D002822E1 /* Preferences */ = {
			isa = PBXGroup;
			children = (
				88860EBD2A12B087002822E1 /* Preferences.swift */,
				88BD7A5E2A134009006F7DF6 /* oilWidgetPreferencePane */,
			);
			path = Preferences;
			sourceTree = "<group>";
		};
		88BD7A5E2A134009006F7DF6 /* oilWidgetPreferencePane */ = {
			isa = PBXGroup;
			children = (
				88860EBF2A12B1F5002822E1 /* oilWidgetPreferencePane.swift */,
				88BD7A5F2A134016006F7DF6 /* Base.lproj */,
			);
			path = oilWidgetPreferencePane;
			sourceTree = "<group>";
		};
		88BD7A5F2A134016006F7DF6 /* Base.lproj */ = {
			isa = PBXGroup;
			children = (
				8829C7BC2A12F883009DE392 /* oilWidgetPreferencePane.xib */,
			);
			path = Base.lproj;
			sourceTree = "<group>";
		};
		88BD7A6A2A136221006F7DF6 /* Graphs */ = {
			isa = PBXGroup;
			children = (
				88860EB82A127F9E002822E1 /* BarGraph.swift */,
			);
			path = Graphs;
			sourceTree = "<group>";
		};
		88EB390D2A16DFD8004D60EE /* Schema */ = {
			isa = PBXGroup;
			children = (
				88EB391D2A172430004D60EE /* Manager.swift */,
				88860EBA2A12ADA5002822E1 /* Graph.swift */,
				88EB390B2A16DF66004D60EE /* Refreshable.swift */,
				88EB39122A16E1D1004D60EE /* JSONCodable.swift */,
				88EB390E2A16DFF7004D60EE /* TemperatureData.swift */,
				88EB39102A16E0AA004D60EE /* FanData.swift */,
			);
			path = Schema;
			sourceTree = "<group>";
		};
		88EB39142A16E314004D60EE /* Extension */ = {
			isa = PBXGroup;
			children = (
				88EB39152A16E328004D60EE /* NSNotification.swift */,
				88EB392B2A182DBD004D60EE /* Double.swift */,
			);
			path = Extension;
			sourceTree = "<group>";
		};
		88EB391F2A172826004D60EE /* Manager */ = {
			isa = PBXGroup;
			children = (
				88EB39202A172AA5004D60EE /* CPU.swift */,
				88EB38F62A14C89A004D60EE /* GPU.swift */,
				88EB39222A17F471004D60EE /* Fan.swift */,
				88EB39292A182902004D60EE /* Memory.swift */,
				88EB392D2A1831A6004D60EE /* Disk.swift */,
			);
			path = Manager;
			sourceTree = "<group>";
		};
		88EB39262A17F5E8004D60EE /* IItemTypes */ = {
			isa = PBXGroup;
			children = (
				88EB391B2A1723F1004D60EE /* GraphItem.swift */,
				88EB39242A17F5D4004D60EE /* TextItem.swift */,
			);
			path = IItemTypes;
			sourceTree = "<group>";
		};
/* End PBXGroup section */

/* Begin PBXNativeTarget section */
		883EBC152A11F80000235B35 /* oil */ = {
			isa = PBXNativeTarget;
			buildConfigurationList = 883EBC1F2A11F80000235B35 /* Build configuration list for PBXNativeTarget "oil" */;
			buildPhases = (
				883EBC112A11F80000235B35 /* Sources */,
				883EBC122A11F80000235B35 /* Frameworks */,
				883EBC132A11F80000235B35 /* Resources */,
				883EBC142A11F80000235B35 /* [PK] Install widget */,
			);
			buildRules = (
			);
			dependencies = (
			);
			name = oil;
			packageProductDependencies = (
				883EBC232A11F81300235B35 /* PockKit */,
				883EBC262A11F86400235B35 /* SystemKit */,
				88860EC82A12D792002822E1 /* Defaults */,
				88EB39092A16DE35004D60EE /* SwiftyJSON */,
			);
			productName = oil;
			productReference = 883EBC162A11F80000235B35 /* oil.pock */;
			productType = "com.apple.product-type.bundle";
		};
/* End PBXNativeTarget section */

/* Begin PBXProject section */
		883EBC0D2A11F80000235B35 /* Project object */ = {
			isa = PBXProject;
			attributes = {
				BuildIndependentTargetsInParallel = 1;
				LastSwiftUpdateCheck = 1430;
				LastUpgradeCheck = 1430;
				TargetAttributes = {
					883EBC152A11F80000235B35 = {
						CreatedOnToolsVersion = 14.3;
						LastSwiftMigration = 1430;
					};
				};
			};
			buildConfigurationList = 883EBC102A11F80000235B35 /* Build configuration list for PBXProject "oil" */;
			compatibilityVersion = "Xcode 14.0";
			developmentRegion = en;
			hasScannedForEncodings = 0;
			knownRegions = (
				en,
				Base,
			);
			mainGroup = 883EBC0C2A11F80000235B35;
			packageReferences = (
				883EBC222A11F81300235B35 /* XCRemoteSwiftPackageReference "pockkit" */,
				883EBC252A11F86400235B35 /* XCRemoteSwiftPackageReference "SystemKit" */,
				88860EC72A12D792002822E1 /* XCRemoteSwiftPackageReference "Defaults" */,
				88EB39082A16DE35004D60EE /* XCRemoteSwiftPackageReference "SwiftyJSON" */,
			);
			productRefGroup = 883EBC172A11F80000235B35 /* Products */;
			projectDirPath = "";
			projectRoot = "";
			targets = (
				883EBC152A11F80000235B35 /* oil */,
			);
		};
/* End PBXProject section */

/* Begin PBXResourcesBuildPhase section */
		883EBC132A11F80000235B35 /* Resources */ = {
			isa = PBXResourcesBuildPhase;
			buildActionMask = 2147483647;
			files = (
				8829C7BD2A12F883009DE392 /* oilWidgetPreferencePane.xib in Resources */,
			);
			runOnlyForDeploymentPostprocessing = 0;
		};
/* End PBXResourcesBuildPhase section */

/* Begin PBXShellScriptBuildPhase section */
		883EBC142A11F80000235B35 /* [PK] Install widget */ = {
			isa = PBXShellScriptBuildPhase;
			buildActionMask = 2147483647;
			files = (
			);
			inputFileListPaths = (
			);
			inputPaths = (
			);
			name = "[PK] Install widget";
			outputFileListPaths = (
			);
			outputPaths = (
			);
			runOnlyForDeploymentPostprocessing = 0;
			shellPath = /bin/sh;
			shellScript = "# Install widget.\necho \"[${PRODUCT_NAME}.pock] Starting installation\"\nFILEPATH=$TARGET_BUILD_DIR/$PRODUCT_NAME.pock \nopen \"$FILEPATH\"\n";
		};
/* End PBXShellScriptBuildPhase section */

/* Begin PBXSourcesBuildPhase section */
		883EBC112A11F80000235B35 /* Sources */ = {
			isa = PBXSourcesBuildPhase;
			buildActionMask = 2147483647;
			files = (
				88EB392A2A182902004D60EE /* Memory.swift in Sources */,
				88EB390C2A16DF66004D60EE /* Refreshable.swift in Sources */,
				88EB39012A162BCA004D60EE /* IOHelper.swift in Sources */,
				88860EC02A12B1F5002822E1 /* oilWidgetPreferencePane.swift in Sources */,
				88EB391C2A1723F1004D60EE /* GraphItem.swift in Sources */,
				88EB391E2A172430004D60EE /* Manager.swift in Sources */,
				88860EB92A127F9E002822E1 /* BarGraph.swift in Sources */,
				883EBC312A11FD1900235B35 /* oilItem.swift in Sources */,
				88EB392C2A182DBD004D60EE /* Double.swift in Sources */,
				88860EBE2A12B087002822E1 /* Preferences.swift in Sources */,
				88EB392E2A1831A6004D60EE /* Disk.swift in Sources */,
				88EB39212A172AA5004D60EE /* CPU.swift in Sources */,
				88EB39112A16E0AA004D60EE /* FanData.swift in Sources */,
				88EB38F32A145227004D60EE /* Options.swift in Sources */,
				88EB39132A16E1D1004D60EE /* JSONCodable.swift in Sources */,
				88EB390F2A16DFF7004D60EE /* TemperatureData.swift in Sources */,
				883EBC1B2A11F80000235B35 /* oilWidget.swift in Sources */,
				88860EBB2A12ADA5002822E1 /* Graph.swift in Sources */,
				88EB39052A16DD46004D60EE /* Temperature.swift in Sources */,
				88EB39232A17F471004D60EE /* Fan.swift in Sources */,
				88EB38F72A14C89A004D60EE /* GPU.swift in Sources */,
				88EB39282A1827F1004D60EE /* System.swift in Sources */,
				88EB39032A16D7E6004D60EE /* SMCKit.swift in Sources */,
				88EB39252A17F5D4004D60EE /* TextItem.swift in Sources */,
				88EB39162A16E328004D60EE /* NSNotification.swift in Sources */,
				88EB39072A16DDB8004D60EE /* SMCControl.swift in Sources */,
			);
			runOnlyForDeploymentPostprocessing = 0;
		};
/* End PBXSourcesBuildPhase section */

/* Begin XCBuildConfiguration section */
		883EBC1D2A11F80000235B35 /* Debug */ = {
			isa = XCBuildConfiguration;
			buildSettings = {
				ALWAYS_SEARCH_USER_PATHS = NO;
				CLANG_ANALYZER_NONNULL = YES;
				CLANG_ANALYZER_NUMBER_OBJECT_CONVERSION = YES_AGGRESSIVE;
				CLANG_CXX_LANGUAGE_STANDARD = "gnu++20";
				CLANG_ENABLE_MODULES = YES;
				CLANG_ENABLE_OBJC_ARC = YES;
				CLANG_ENABLE_OBJC_WEAK = YES;
				CLANG_WARN_BLOCK_CAPTURE_AUTORELEASING = YES;
				CLANG_WARN_BOOL_CONVERSION = YES;
				CLANG_WARN_COMMA = YES;
				CLANG_WARN_CONSTANT_CONVERSION = YES;
				CLANG_WARN_DEPRECATED_OBJC_IMPLEMENTATIONS = YES;
				CLANG_WARN_DIRECT_OBJC_ISA_USAGE = YES_ERROR;
				CLANG_WARN_DOCUMENTATION_COMMENTS = YES;
				CLANG_WARN_EMPTY_BODY = YES;
				CLANG_WARN_ENUM_CONVERSION = YES;
				CLANG_WARN_INFINITE_RECURSION = YES;
				CLANG_WARN_INT_CONVERSION = YES;
				CLANG_WARN_NON_LITERAL_NULL_CONVERSION = YES;
				CLANG_WARN_OBJC_IMPLICIT_RETAIN_SELF = YES;
				CLANG_WARN_OBJC_LITERAL_CONVERSION = YES;
				CLANG_WARN_OBJC_ROOT_CLASS = YES_ERROR;
				CLANG_WARN_QUOTED_INCLUDE_IN_FRAMEWORK_HEADER = YES;
				CLANG_WARN_RANGE_LOOP_ANALYSIS = YES;
				CLANG_WARN_STRICT_PROTOTYPES = YES;
				CLANG_WARN_SUSPICIOUS_MOVE = YES;
				CLANG_WARN_UNGUARDED_AVAILABILITY = YES_AGGRESSIVE;
				CLANG_WARN_UNREACHABLE_CODE = YES;
				CLANG_WARN__DUPLICATE_METHOD_MATCH = YES;
				COPY_PHASE_STRIP = NO;
				DEBUG_INFORMATION_FORMAT = dwarf;
				ENABLE_STRICT_OBJC_MSGSEND = YES;
				ENABLE_TESTABILITY = YES;
				GCC_C_LANGUAGE_STANDARD = gnu11;
				GCC_DYNAMIC_NO_PIC = NO;
				GCC_NO_COMMON_BLOCKS = YES;
				GCC_OPTIMIZATION_LEVEL = 0;
				GCC_PREPROCESSOR_DEFINITIONS = (
					"DEBUG=1",
					"$(inherited)",
				);
				GCC_WARN_64_TO_32_BIT_CONVERSION = YES;
				GCC_WARN_ABOUT_RETURN_TYPE = YES_ERROR;
				GCC_WARN_UNDECLARED_SELECTOR = YES;
				GCC_WARN_UNINITIALIZED_AUTOS = YES_AGGRESSIVE;
				GCC_WARN_UNUSED_FUNCTION = YES;
				GCC_WARN_UNUSED_VARIABLE = YES;
				MACOSX_DEPLOYMENT_TARGET = 13.2;
				MTL_ENABLE_DEBUG_INFO = INCLUDE_SOURCE;
				MTL_FAST_MATH = YES;
				ONLY_ACTIVE_ARCH = YES;
				SDKROOT = macosx;
			};
			name = Debug;
		};
		883EBC1E2A11F80000235B35 /* Release */ = {
			isa = XCBuildConfiguration;
			buildSettings = {
				ALWAYS_SEARCH_USER_PATHS = NO;
				CLANG_ANALYZER_NONNULL = YES;
				CLANG_ANALYZER_NUMBER_OBJECT_CONVERSION = YES_AGGRESSIVE;
				CLANG_CXX_LANGUAGE_STANDARD = "gnu++20";
				CLANG_ENABLE_MODULES = YES;
				CLANG_ENABLE_OBJC_ARC = YES;
				CLANG_ENABLE_OBJC_WEAK = YES;
				CLANG_WARN_BLOCK_CAPTURE_AUTORELEASING = YES;
				CLANG_WARN_BOOL_CONVERSION = YES;
				CLANG_WARN_COMMA = YES;
				CLANG_WARN_CONSTANT_CONVERSION = YES;
				CLANG_WARN_DEPRECATED_OBJC_IMPLEMENTATIONS = YES;
				CLANG_WARN_DIRECT_OBJC_ISA_USAGE = YES_ERROR;
				CLANG_WARN_DOCUMENTATION_COMMENTS = YES;
				CLANG_WARN_EMPTY_BODY = YES;
				CLANG_WARN_ENUM_CONVERSION = YES;
				CLANG_WARN_INFINITE_RECURSION = YES;
				CLANG_WARN_INT_CONVERSION = YES;
				CLANG_WARN_NON_LITERAL_NULL_CONVERSION = YES;
				CLANG_WARN_OBJC_IMPLICIT_RETAIN_SELF = YES;
				CLANG_WARN_OBJC_LITERAL_CONVERSION = YES;
				CLANG_WARN_OBJC_ROOT_CLASS = YES_ERROR;
				CLANG_WARN_QUOTED_INCLUDE_IN_FRAMEWORK_HEADER = YES;
				CLANG_WARN_RANGE_LOOP_ANALYSIS = YES;
				CLANG_WARN_STRICT_PROTOTYPES = YES;
				CLANG_WARN_SUSPICIOUS_MOVE = YES;
				CLANG_WARN_UNGUARDED_AVAILABILITY = YES_AGGRESSIVE;
				CLANG_WARN_UNREACHABLE_CODE = YES;
				CLANG_WARN__DUPLICATE_METHOD_MATCH = YES;
				COPY_PHASE_STRIP = NO;
				DEBUG_INFORMATION_FORMAT = "dwarf-with-dsym";
				ENABLE_NS_ASSERTIONS = NO;
				ENABLE_STRICT_OBJC_MSGSEND = YES;
				GCC_C_LANGUAGE_STANDARD = gnu11;
				GCC_NO_COMMON_BLOCKS = YES;
				GCC_WARN_64_TO_32_BIT_CONVERSION = YES;
				GCC_WARN_ABOUT_RETURN_TYPE = YES_ERROR;
				GCC_WARN_UNDECLARED_SELECTOR = YES;
				GCC_WARN_UNINITIALIZED_AUTOS = YES_AGGRESSIVE;
				GCC_WARN_UNUSED_FUNCTION = YES;
				GCC_WARN_UNUSED_VARIABLE = YES;
				MACOSX_DEPLOYMENT_TARGET = 13.2;
				MTL_ENABLE_DEBUG_INFO = NO;
				MTL_FAST_MATH = YES;
				SDKROOT = macosx;
			};
			name = Release;
		};
		883EBC202A11F80000235B35 /* Debug */ = {
			isa = XCBuildConfiguration;
			buildSettings = {
				ALWAYS_EMBED_SWIFT_STANDARD_LIBRARIES = YES;
				CLANG_ENABLE_MODULES = YES;
				CODE_SIGN_STYLE = Automatic;
				COMBINE_HIDPI_IMAGES = YES;
				CURRENT_PROJECT_VERSION = 1;
				DEVELOPMENT_TEAM = AY25L8K9U7;
				GENERATE_INFOPLIST_FILE = YES;
				INFOPLIST_FILE = oil/Info.plist;
				INSTALL_PATH = "$(LOCAL_LIBRARY_DIR)/Application\\ Support/Pock/Widgets";
				MARKETING_VERSION = 1.0;
				PRODUCT_BUNDLE_IDENTIFIER = mxcr.cpu.oil;
				PRODUCT_NAME = "$(TARGET_NAME)";
				SWIFT_EMIT_LOC_STRINGS = YES;
				SWIFT_OPTIMIZATION_LEVEL = "-Onone";
				SWIFT_VERSION = 5.0;
				WRAPPER_EXTENSION = pock;
			};
			name = Debug;
		};
		883EBC212A11F80000235B35 /* Release */ = {
			isa = XCBuildConfiguration;
			buildSettings = {
				ALWAYS_EMBED_SWIFT_STANDARD_LIBRARIES = YES;
				CLANG_ENABLE_MODULES = YES;
				CODE_SIGN_STYLE = Automatic;
				COMBINE_HIDPI_IMAGES = YES;
				CURRENT_PROJECT_VERSION = 1;
				DEVELOPMENT_TEAM = AY25L8K9U7;
				GENERATE_INFOPLIST_FILE = YES;
				INFOPLIST_FILE = oil/Info.plist;
				INSTALL_PATH = "$(LOCAL_LIBRARY_DIR)/Application\\ Support/Pock/Widgets";
				MARKETING_VERSION = 1.0;
				PRODUCT_BUNDLE_IDENTIFIER = mxcr.cpu.oil;
				PRODUCT_NAME = "$(TARGET_NAME)";
				SWIFT_EMIT_LOC_STRINGS = YES;
				SWIFT_VERSION = 5.0;
				WRAPPER_EXTENSION = pock;
			};
			name = Release;
		};
/* End XCBuildConfiguration section */

/* Begin XCConfigurationList section */
		883EBC102A11F80000235B35 /* Build configuration list for PBXProject "oil" */ = {
			isa = XCConfigurationList;
			buildConfigurations = (
				883EBC1D2A11F80000235B35 /* Debug */,
				883EBC1E2A11F80000235B35 /* Release */,
			);
			defaultConfigurationIsVisible = 0;
			defaultConfigurationName = Release;
		};
		883EBC1F2A11F80000235B35 /* Build configuration list for PBXNativeTarget "oil" */ = {
			isa = XCConfigurationList;
			buildConfigurations = (
				883EBC202A11F80000235B35 /* Debug */,
				883EBC212A11F80000235B35 /* Release */,
			);
			defaultConfigurationIsVisible = 0;
			defaultConfigurationName = Release;
		};
/* End XCConfigurationList section */

/* Begin XCRemoteSwiftPackageReference section */
		883EBC222A11F81300235B35 /* XCRemoteSwiftPackageReference "pockkit" */ = {
			isa = XCRemoteSwiftPackageReference;
			repositoryURL = "https://github.com/pock/pockkit.git";
			requirement = {
				kind = upToNextMajorVersion;
				minimumVersion = 0.3.1;
			};
		};
		883EBC252A11F86400235B35 /* XCRemoteSwiftPackageReference "SystemKit" */ = {
			isa = XCRemoteSwiftPackageReference;
			repositoryURL = "https://github.com/gao-sun/SystemKit";
			requirement = {
				branch = master;
				kind = branch;
			};
		};
		88860EC72A12D792002822E1 /* XCRemoteSwiftPackageReference "Defaults" */ = {
			isa = XCRemoteSwiftPackageReference;
			repositoryURL = "https://github.com/sindresorhus/Defaults";
			requirement = {
				branch = main;
				kind = branch;
			};
		};
		88EB39082A16DE35004D60EE /* XCRemoteSwiftPackageReference "SwiftyJSON" */ = {
			isa = XCRemoteSwiftPackageReference;
			repositoryURL = "https://github.com/SwiftyJSON/SwiftyJSON.git";
			requirement = {
				kind = upToNextMajorVersion;
				minimumVersion = 5.0.0;
			};
		};
/* End XCRemoteSwiftPackageReference section */

/* Begin XCSwiftPackageProductDependency section */
		883EBC232A11F81300235B35 /* PockKit */ = {
			isa = XCSwiftPackageProductDependency;
			package = 883EBC222A11F81300235B35 /* XCRemoteSwiftPackageReference "pockkit" */;
			productName = PockKit;
		};
		883EBC262A11F86400235B35 /* SystemKit */ = {
			isa = XCSwiftPackageProductDependency;
			package = 883EBC252A11F86400235B35 /* XCRemoteSwiftPackageReference "SystemKit" */;
			productName = SystemKit;
		};
		88860EC82A12D792002822E1 /* Defaults */ = {
			isa = XCSwiftPackageProductDependency;
			package = 88860EC72A12D792002822E1 /* XCRemoteSwiftPackageReference "Defaults" */;
			productName = Defaults;
		};
		88EB39092A16DE35004D60EE /* SwiftyJSON */ = {
			isa = XCSwiftPackageProductDependency;
			package = 88EB39082A16DE35004D60EE /* XCRemoteSwiftPackageReference "SwiftyJSON" */;
			productName = SwiftyJSON;
		};
/* End XCSwiftPackageProductDependency section */
	};
	rootObject = 883EBC0D2A11F80000235B35 /* Project object */;
}
